
Microsoft Visual Studio Solution File, Format Version 12.00
# Visual Studio Version 17
VisualStudioVersion = 17.5.002.0
MinimumVisualStudioVersion = 10.0.40219.1
Project("{9A19103F-16F7-4668-BE54-9A1E7A4F7556}") = "AudioProcessingApi", "AudioProcessingApi\AudioProcessingApi.csproj", "{3CF0F371-AABB-4775-8DD7-98D5B1452895}"
EndProject
Global
	GlobalSection(SolutionConfigurationPlatforms) = preSolution
		Debug|Any CPU = Debug|Any CPU
		Release|Any CPU = Release|Any CPU
	EndGlobalSection
	GlobalSection(ProjectConfigurationPlatforms) = postSolution
		{3CF0F371-AABB-4775-8DD7-98D5B1452895}.Debug|Any CPU.ActiveCfg = Debug|Any CPU
		{3CF0F371-AABB-4775-8DD7-98D5B1452895}.Debug|Any CPU.Build.0 = Debug|Any CPU
		{3CF0F371-AABB-4775-8DD7-98D5B1452895}.Release|Any CPU.ActiveCfg = Release|Any CPU
		{3CF0F371-AABB-4775-8DD7-98D5B1452895}.Release|Any CPU.Build.0 = Release|Any CPU
	EndGlobalSection
	GlobalSection(SolutionProperties) = preSolution
		HideSolutionNode = FALSE
	EndGlobalSection
	GlobalSection(ExtensibilityGlobals) = postSolution
		SolutionGuid = {2B090DAA-580B-4F22-813C-C3198FB29E59}
	EndGlobalSection
EndGlobal
