
Microsoft Visual Studio Solution File, Format Version 12.00
# Visual Studio Version 17
VisualStudioVersion = 17.5.002.0
MinimumVisualStudioVersion = 10.0.40219.1
Project("{9A19103F-16F7-4668-BE54-9A1E7A4F7556}") = "AudioProcessingApi", "AudioProcessingApi\AudioProcessingApi.csproj", "{604C58E6-B455-48C9-8993-C6A997D20ACC}"
EndProject
Global
	GlobalSection(SolutionConfigurationPlatforms) = preSolution
		Debug|Any CPU = Debug|Any CPU
		Release|Any CPU = Release|Any CPU
	EndGlobalSection
	GlobalSection(ProjectConfigurationPlatforms) = postSolution
		{604C58E6-B455-48C9-8993-C6A997D20ACC}.Debug|Any CPU.ActiveCfg = Debug|Any CPU
		{604C58E6-B455-48C9-8993-C6A997D20ACC}.Debug|Any CPU.Build.0 = Debug|Any CPU
		{604C58E6-B455-48C9-8993-C6A997D20ACC}.Release|Any CPU.ActiveCfg = Release|Any CPU
		{604C58E6-B455-48C9-8993-C6A997D20ACC}.Release|Any CPU.Build.0 = Release|Any CPU
	EndGlobalSection
	GlobalSection(SolutionProperties) = preSolution
		HideSolutionNode = FALSE
	EndGlobalSection
	GlobalSection(ExtensibilityGlobals) = postSolution
		SolutionGuid = {0DAE11F3-BCCC-49C1-9C5C-4143ECD4AFBD}
	EndGlobalSection
EndGlobal
